{
  "name": "backend",
  "lockfileVersion": 2,
  "requires": true,
  "packages": {
    "": {
      "dependencies": {
        "@rpldy/upload-button": "^0.18.0",
        "@rpldy/uploady": "^0.18.0"
      }
    },
    "node_modules/@rpldy/life-events": {
      "version": "0.18.0",
      "resolved": "https://registry.npmjs.org/@rpldy/life-events/-/life-events-0.18.0.tgz",
      "integrity": "sha512-xeflgiLwV2ZqUySrV+rtDPm5fIDbDYZTVByji7+VUV3EP0KprNWTcsjJ1ce6Z7sway5G4i8QHoC+/At9C7GJsA==",
      "dependencies": {
        "@rpldy/shared": "^0.18.0"
      },
      "funding": {
        "type": "opencollective",
        "url": "https://opencollective.com/react-uploady"
      }
    },
    "node_modules/@rpldy/sender": {
      "version": "0.18.0",
      "resolved": "https://registry.npmjs.org/@rpldy/sender/-/sender-0.18.0.tgz",
      "integrity": "sha512-vGYCQNk51BXUqiVokbWKM7iicOiq5YJ3++ooDzLxemD1I96bLPHTjNYAU+rYCPNk0gVRZnR1jfS0F1+hl9KGeA==",
      "dependencies": {
        "@rpldy/shared": "^0.18.0"
      },
      "funding": {
        "type": "opencollective",
        "url": "https://opencollective.com/react-uploady"
      }
    },
    "node_modules/@rpldy/shared": {
      "version": "0.18.0",
      "resolved": "https://registry.npmjs.org/@rpldy/shared/-/shared-0.18.0.tgz",
      "integrity": "sha512-C2Udp6XT7qKF9RZ1vtt37goKaFbnO0gDXVPsWmoUeXceXLEu/dLM3JfL4YZpm7MSGUwYG6DSmKsHzmSFTEDNRw==",
      "dependencies": {
        "invariant": "^2.2.4",
        "just-throttle": "^1.1.0"
      },
      "funding": {
        "type": "opencollective",
        "url": "https://opencollective.com/react-uploady"
      }
    },
    "node_modules/@rpldy/shared-ui": {
      "version": "0.18.0",
      "resolved": "https://registry.npmjs.org/@rpldy/shared-ui/-/shared-ui-0.18.0.tgz",
      "integrity": "sha512-m7zgSj7cH3jZYF027E2HZ6pjE5IJ08oFZCUrLE0lQ3v2pSu4oP1CH2PB5rFt91cfHjiD57rVcd8YerSFSblRDA==",
      "dependencies": {
        "@rpldy/shared": "^0.18.0",
        "@rpldy/uploader": "^0.18.0"
      },
      "funding": {
        "type": "opencollective",
        "url": "https://opencollective.com/react-uploady"
      },
      "peerDependencies": {
        "react": ">=16.8",
        "react-dom": ">=16.8"
      }
    },
    "node_modules/@rpldy/simple-state": {
      "version": "0.18.0",
      "resolved": "https://registry.npmjs.org/@rpldy/simple-state/-/simple-state-0.18.0.tgz",
      "integrity": "sha512-hP9as5pJkKg4StpIIf4Bd1dzs07oCLK4R+yfd2t8KQiCrbpwFeGbYJf7tMacPWVtxqaqd3tTJWwm612NjQ7w8A==",
      "dependencies": {
        "@rpldy/shared": "^0.18.0"
      },
      "funding": {
        "type": "opencollective",
        "url": "https://opencollective.com/react-uploady"
      }
    },
    "node_modules/@rpldy/upload-button": {
      "version": "0.18.0",
      "resolved": "https://registry.npmjs.org/@rpldy/upload-button/-/upload-button-0.18.0.tgz",
      "integrity": "sha512-R8dL8h3iy8+UMi/CZbCEuZ/IxSk+ToXILsWWO2xTf66P8hWWX65WVMLCPe/A9NbWV52Hsk0SdaWSm8IJUUUTEg==",
      "dependencies": {
        "@rpldy/shared-ui": "^0.18.0"
      },
      "funding": {
        "type": "opencollective",
        "url": "https://opencollective.com/react-uploady"
      },
      "peerDependencies": {
        "react": ">=16.8",
        "react-dom": ">=16.8"
      }
    },
    "node_modules/@rpldy/uploader": {
      "version": "0.18.0",
      "resolved": "https://registry.npmjs.org/@rpldy/uploader/-/uploader-0.18.0.tgz",
      "integrity": "sha512-GcA7xwk9+clyxqsRu00VQ8rZ+sF35uhmeJK/gXodMQhgU5HoO0+RcKPMhoLSrR1uIr+09xE3l66K53y1qWGsIQ==",
      "dependencies": {
        "@rpldy/life-events": "^0.18.0",
        "@rpldy/sender": "^0.18.0",
        "@rpldy/shared": "^0.18.0",
        "@rpldy/simple-state": "^0.18.0"
      },
      "funding": {
        "type": "opencollective",
        "url": "https://opencollective.com/react-uploady"
      }
    },
    "node_modules/@rpldy/uploady": {
      "version": "0.18.0",
      "resolved": "https://registry.npmjs.org/@rpldy/uploady/-/uploady-0.18.0.tgz",
      "integrity": "sha512-aJ97WMc+XWF2lnNTUd+jhs4BovJdb/mRrYk1wzMQ/OuKC+u55tsNJFBzVsgBpNoND1QDbE4nMprOoLreEbmhMA==",
      "dependencies": {
        "@rpldy/life-events": "^0.18.0",
        "@rpldy/shared": "^0.18.0",
        "@rpldy/shared-ui": "^0.18.0",
        "@rpldy/uploader": "^0.18.0"
      },
      "funding": {
        "type": "opencollective",
        "url": "https://opencollective.com/react-uploady"
      },
      "peerDependencies": {
        "react": ">=16.8",
        "react-dom": ">=16.8"
      }
    },
    "node_modules/invariant": {
      "version": "2.2.4",
      "resolved": "https://registry.npmjs.org/invariant/-/invariant-2.2.4.tgz",
      "integrity": "sha512-phJfQVBuaJM5raOpJjSfkiD6BpbCE4Ns//LaXl6wGYtUBY83nWS6Rf9tXm2e8VaK60JEjYldbPif/A2B1C2gNA==",
      "dependencies": {
        "loose-envify": "^1.0.0"
      }
    },
    "node_modules/js-tokens": {
      "version": "4.0.0",
      "resolved": "https://registry.npmjs.org/js-tokens/-/js-tokens-4.0.0.tgz",
      "integrity": "sha512-RdJUflcE3cUzKiMqQgsCu06FPu9UdIJO0beYbPhHN4k6apgJtifcoCtT9bcxOpYBtpD2kCM6Sbzg4CausW/PKQ=="
    },
    "node_modules/just-throttle": {
      "version": "1.1.0",
      "resolved": "https://registry.npmjs.org/just-throttle/-/just-throttle-1.1.0.tgz",
      "integrity": "sha512-iePC/13XYX1Tyn9C6jY+DG3UEejkDvrKsw5xxgGhtGUwYWmoJm4CoKexscBKELOu3FTyCDzjr21ZJ67AXnz+bg=="
    },
    "node_modules/loose-envify": {
      "version": "1.4.0",
      "resolved": "https://registry.npmjs.org/loose-envify/-/loose-envify-1.4.0.tgz",
      "integrity": "sha512-lyuxPGr/Wfhrlem2CL/UcnUc1zcqKAImBDzukY7Y5F/yQiNdko6+fRLevlw1HgMySw7f611UIY408EtxRSoK3Q==",
      "dependencies": {
        "js-tokens": "^3.0.0 || ^4.0.0"
      },
      "bin": {
        "loose-envify": "cli.js"
      }
    },
    "node_modules/object-assign": {
      "version": "4.1.1",
      "resolved": "https://registry.npmjs.org/object-assign/-/object-assign-4.1.1.tgz",
      "integrity": "sha1-IQmtx5ZYh8/AXLvUQsrIv7s2CGM=",
      "peer": true,
      "engines": {
        "node": ">=0.10.0"
      }
    },
    "node_modules/react": {
      "version": "17.0.2",
      "resolved": "https://registry.npmjs.org/react/-/react-17.0.2.tgz",
      "integrity": "sha512-gnhPt75i/dq/z3/6q/0asP78D0u592D5L1pd7M8P+dck6Fu/jJeL6iVVK23fptSUZj8Vjf++7wXA8UNclGQcbA==",
      "peer": true,
      "dependencies": {
        "loose-envify": "^1.1.0",
        "object-assign": "^4.1.1"
      },
      "engines": {
        "node": ">=0.10.0"
      }
    },
    "node_modules/react-dom": {
      "version": "17.0.2",
      "resolved": "https://registry.npmjs.org/react-dom/-/react-dom-17.0.2.tgz",
      "integrity": "sha512-s4h96KtLDUQlsENhMn1ar8t2bEa+q/YAtj8pPPdIjPDGBDIVNsrD9aXNWqspUe6AzKCIG0C1HZZLqLV7qpOBGA==",
      "peer": true,
      "dependencies": {
        "loose-envify": "^1.1.0",
        "object-assign": "^4.1.1",
        "scheduler": "^0.20.2"
      },
      "peerDependencies": {
        "react": "17.0.2"
      }
    },
    "node_modules/scheduler": {
      "version": "0.20.2",
      "resolved": "https://registry.npmjs.org/scheduler/-/scheduler-0.20.2.tgz",
      "integrity": "sha512-2eWfGgAqqWFGqtdMmcL5zCMK1U8KlXv8SQFGglL3CEtd0aDVDWgeF/YoCmvln55m5zSk3J/20hTaSBeSObsQDQ==",
      "peer": true,
      "dependencies": {
        "loose-envify": "^1.1.0",
        "object-assign": "^4.1.1"
      }
    }
  },
  "dependencies": {
    "@rpldy/life-events": {
      "version": "0.18.0",
      "resolved": "https://registry.npmjs.org/@rpldy/life-events/-/life-events-0.18.0.tgz",
      "integrity": "sha512-xeflgiLwV2ZqUySrV+rtDPm5fIDbDYZTVByji7+VUV3EP0KprNWTcsjJ1ce6Z7sway5G4i8QHoC+/At9C7GJsA==",
      "requires": {
        "@rpldy/shared": "^0.18.0"
      }
    },
    "@rpldy/sender": {
      "version": "0.18.0",
      "resolved": "https://registry.npmjs.org/@rpldy/sender/-/sender-0.18.0.tgz",
      "integrity": "sha512-vGYCQNk51BXUqiVokbWKM7iicOiq5YJ3++ooDzLxemD1I96bLPHTjNYAU+rYCPNk0gVRZnR1jfS0F1+hl9KGeA==",
      "requires": {
        "@rpldy/shared": "^0.18.0"
      }
    },
    "@rpldy/shared": {
      "version": "0.18.0",
      "resolved": "https://registry.npmjs.org/@rpldy/shared/-/shared-0.18.0.tgz",
      "integrity": "sha512-C2Udp6XT7qKF9RZ1vtt37goKaFbnO0gDXVPsWmoUeXceXLEu/dLM3JfL4YZpm7MSGUwYG6DSmKsHzmSFTEDNRw==",
      "requires": {
        "invariant": "^2.2.4",
        "just-throttle": "^1.1.0"
      }
    },
    "@rpldy/shared-ui": {
      "version": "0.18.0",
      "resolved": "https://registry.npmjs.org/@rpldy/shared-ui/-/shared-ui-0.18.0.tgz",
      "integrity": "sha512-m7zgSj7cH3jZYF027E2HZ6pjE5IJ08oFZCUrLE0lQ3v2pSu4oP1CH2PB5rFt91cfHjiD57rVcd8YerSFSblRDA==",
      "requires": {
        "@rpldy/shared": "^0.18.0",
        "@rpldy/uploader": "^0.18.0"
      }
    },
    "@rpldy/simple-state": {
      "version": "0.18.0",
      "resolved": "https://registry.npmjs.org/@rpldy/simple-state/-/simple-state-0.18.0.tgz",
      "integrity": "sha512-hP9as5pJkKg4StpIIf4Bd1dzs07oCLK4R+yfd2t8KQiCrbpwFeGbYJf7tMacPWVtxqaqd3tTJWwm612NjQ7w8A==",
      "requires": {
        "@rpldy/shared": "^0.18.0"
      }
    },
    "@rpldy/upload-button": {
      "version": "0.18.0",
      "resolved": "https://registry.npmjs.org/@rpldy/upload-button/-/upload-button-0.18.0.tgz",
      "integrity": "sha512-R8dL8h3iy8+UMi/CZbCEuZ/IxSk+ToXILsWWO2xTf66P8hWWX65WVMLCPe/A9NbWV52Hsk0SdaWSm8IJUUUTEg==",
      "requires": {
        "@rpldy/shared-ui": "^0.18.0"
      }
    },
    "@rpldy/uploader": {
      "version": "0.18.0",
      "resolved": "https://registry.npmjs.org/@rpldy/uploader/-/uploader-0.18.0.tgz",
      "integrity": "sha512-GcA7xwk9+clyxqsRu00VQ8rZ+sF35uhmeJK/gXodMQhgU5HoO0+RcKPMhoLSrR1uIr+09xE3l66K53y1qWGsIQ==",
      "requires": {
        "@rpldy/life-events": "^0.18.0",
        "@rpldy/sender": "^0.18.0",
        "@rpldy/shared": "^0.18.0",
        "@rpldy/simple-state": "^0.18.0"
      }
    },
    "@rpldy/uploady": {
      "version": "0.18.0",
      "resolved": "https://registry.npmjs.org/@rpldy/uploady/-/uploady-0.18.0.tgz",
      "integrity": "sha512-aJ97WMc+XWF2lnNTUd+jhs4BovJdb/mRrYk1wzMQ/OuKC+u55tsNJFBzVsgBpNoND1QDbE4nMprOoLreEbmhMA==",
      "requires": {
        "@rpldy/life-events": "^0.18.0",
        "@rpldy/shared": "^0.18.0",
        "@rpldy/shared-ui": "^0.18.0",
        "@rpldy/uploader": "^0.18.0"
      }
    },
    "invariant": {
      "version": "2.2.4",
      "resolved": "https://registry.npmjs.org/invariant/-/invariant-2.2.4.tgz",
      "integrity": "sha512-phJfQVBuaJM5raOpJjSfkiD6BpbCE4Ns//LaXl6wGYtUBY83nWS6Rf9tXm2e8VaK60JEjYldbPif/A2B1C2gNA==",
      "requires": {
        "loose-envify": "^1.0.0"
      }
    },
    "js-tokens": {
      "version": "4.0.0",
      "resolved": "https://registry.npmjs.org/js-tokens/-/js-tokens-4.0.0.tgz",
      "integrity": "sha512-RdJUflcE3cUzKiMqQgsCu06FPu9UdIJO0beYbPhHN4k6apgJtifcoCtT9bcxOpYBtpD2kCM6Sbzg4CausW/PKQ=="
    },
    "just-throttle": {
      "version": "1.1.0",
      "resolved": "https://registry.npmjs.org/just-throttle/-/just-throttle-1.1.0.tgz",
      "integrity": "sha512-iePC/13XYX1Tyn9C6jY+DG3UEejkDvrKsw5xxgGhtGUwYWmoJm4CoKexscBKELOu3FTyCDzjr21ZJ67AXnz+bg=="
    },
    "loose-envify": {
      "version": "1.4.0",
      "resolved": "https://registry.npmjs.org/loose-envify/-/loose-envify-1.4.0.tgz",
      "integrity": "sha512-lyuxPGr/Wfhrlem2CL/UcnUc1zcqKAImBDzukY7Y5F/yQiNdko6+fRLevlw1HgMySw7f611UIY408EtxRSoK3Q==",
      "requires": {
        "js-tokens": "^3.0.0 || ^4.0.0"
      }
    },
    "object-assign": {
      "version": "4.1.1",
      "resolved": "https://registry.npmjs.org/object-assign/-/object-assign-4.1.1.tgz",
      "integrity": "sha1-IQmtx5ZYh8/AXLvUQsrIv7s2CGM=",
      "peer": true
    },
    "react": {
      "version": "17.0.2",
      "resolved": "https://registry.npmjs.org/react/-/react-17.0.2.tgz",
      "integrity": "sha512-gnhPt75i/dq/z3/6q/0asP78D0u592D5L1pd7M8P+dck6Fu/jJeL6iVVK23fptSUZj8Vjf++7wXA8UNclGQcbA==",
      "peer": true,
      "requires": {
        "loose-envify": "^1.1.0",
        "object-assign": "^4.1.1"
      }
    },
    "react-dom": {
      "version": "17.0.2",
      "resolved": "https://registry.npmjs.org/react-dom/-/react-dom-17.0.2.tgz",
      "integrity": "sha512-s4h96KtLDUQlsENhMn1ar8t2bEa+q/YAtj8pPPdIjPDGBDIVNsrD9aXNWqspUe6AzKCIG0C1HZZLqLV7qpOBGA==",
      "peer": true,
      "requires": {
        "loose-envify": "^1.1.0",
        "object-assign": "^4.1.1",
        "scheduler": "^0.20.2"
      }
    },
    "scheduler": {
      "version": "0.20.2",
      "resolved": "https://registry.npmjs.org/scheduler/-/scheduler-0.20.2.tgz",
      "integrity": "sha512-2eWfGgAqqWFGqtdMmcL5zCMK1U8KlXv8SQFGglL3CEtd0aDVDWgeF/YoCmvln55m5zSk3J/20hTaSBeSObsQDQ==",
      "peer": true,
      "requires": {
        "loose-envify": "^1.1.0",
        "object-assign": "^4.1.1"
      }
    }
  }
}
